
Microsoft Visual Studio Solution File, Format Version 12.00
# Visual Studio Version 16
VisualStudioVersion = 16.0.31205.134
MinimumVisualStudioVersion = 10.0.40219.1
Project("{9A19103F-16F7-4668-BE54-9A1E7A4F7556}") = "Exchange.Contracts", "Exchange.Contracts\Exchange.Contracts.csproj", "{CFEF0F5F-FB22-40C2-A0E2-D62FD597CD21}"
EndProject
Project("{9A19103F-16F7-4668-BE54-9A1E7A4F7556}") = "Exchange.Api", "Exchange.Api\Exchange.Api.csproj", "{B540262B-2F48-42F9-9A32-D7CDDA92CA0E}"
EndProject
Project("{9A19103F-16F7-4668-BE54-9A1E7A4F7556}") = "Exchange.Services", "Exchange.Services\Exchange.Services.csproj", "{CABCD8C0-A9C7-456D-9048-CA6925C2371B}"
EndProject
Project("{9A19103F-16F7-4668-BE54-9A1E7A4F7556}") = "Exchange.Models", "Exchange.Models\Exchange.Models.csproj", "{2ACC5423-F148-47E6-B011-40451219272A}"
EndProject
Project("{FAE04EC0-301F-11D3-BF4B-00C04F79EFBC}") = "Exchange.Data", "Exchange.Data\Exchange.Data.csproj", "{7E750935-206A-41AD-AB1F-5F14D792768F}"
EndProject
Project("{FAE04EC0-301F-11D3-BF4B-00C04F79EFBC}") = "Exchange.Core", "Exchange.Core\Exchange.Core.csproj", "{11175A18-BA1E-42C8-AF4D-B3015DFB0880}"
EndProject
Global
	GlobalSection(SolutionConfigurationPlatforms) = preSolution
		Debug|Any CPU = Debug|Any CPU
		Release|Any CPU = Release|Any CPU
	EndGlobalSection
	GlobalSection(ProjectConfigurationPlatforms) = postSolution
		{CFEF0F5F-FB22-40C2-A0E2-D62FD597CD21}.Debug|Any CPU.ActiveCfg = Debug|Any CPU
		{CFEF0F5F-FB22-40C2-A0E2-D62FD597CD21}.Debug|Any CPU.Build.0 = Debug|Any CPU
		{CFEF0F5F-FB22-40C2-A0E2-D62FD597CD21}.Release|Any CPU.ActiveCfg = Release|Any CPU
		{CFEF0F5F-FB22-40C2-A0E2-D62FD597CD21}.Release|Any CPU.Build.0 = Release|Any CPU
		{B540262B-2F48-42F9-9A32-D7CDDA92CA0E}.Debug|Any CPU.ActiveCfg = Debug|Any CPU
		{B540262B-2F48-42F9-9A32-D7CDDA92CA0E}.Debug|Any CPU.Build.0 = Debug|Any CPU
		{B540262B-2F48-42F9-9A32-D7CDDA92CA0E}.Release|Any CPU.ActiveCfg = Release|Any CPU
		{B540262B-2F48-42F9-9A32-D7CDDA92CA0E}.Release|Any CPU.Build.0 = Release|Any CPU
		{CABCD8C0-A9C7-456D-9048-CA6925C2371B}.Debug|Any CPU.ActiveCfg = Debug|Any CPU
		{CABCD8C0-A9C7-456D-9048-CA6925C2371B}.Debug|Any CPU.Build.0 = Debug|Any CPU
		{CABCD8C0-A9C7-456D-9048-CA6925C2371B}.Release|Any CPU.ActiveCfg = Release|Any CPU
		{CABCD8C0-A9C7-456D-9048-CA6925C2371B}.Release|Any CPU.Build.0 = Release|Any CPU
		{2ACC5423-F148-47E6-B011-40451219272A}.Debug|Any CPU.ActiveCfg = Debug|Any CPU
		{2ACC5423-F148-47E6-B011-40451219272A}.Debug|Any CPU.Build.0 = Debug|Any CPU
		{2ACC5423-F148-47E6-B011-40451219272A}.Release|Any CPU.ActiveCfg = Release|Any CPU
		{2ACC5423-F148-47E6-B011-40451219272A}.Release|Any CPU.Build.0 = Release|Any CPU
		{7E750935-206A-41AD-AB1F-5F14D792768F}.Debug|Any CPU.ActiveCfg = Debug|Any CPU
		{7E750935-206A-41AD-AB1F-5F14D792768F}.Debug|Any CPU.Build.0 = Debug|Any CPU
		{7E750935-206A-41AD-AB1F-5F14D792768F}.Release|Any CPU.ActiveCfg = Release|Any CPU
		{7E750935-206A-41AD-AB1F-5F14D792768F}.Release|Any CPU.Build.0 = Release|Any CPU
		{11175A18-BA1E-42C8-AF4D-B3015DFB0880}.Debug|Any CPU.ActiveCfg = Debug|Any CPU
		{11175A18-BA1E-42C8-AF4D-B3015DFB0880}.Debug|Any CPU.Build.0 = Debug|Any CPU
		{11175A18-BA1E-42C8-AF4D-B3015DFB0880}.Release|Any CPU.ActiveCfg = Release|Any CPU
		{11175A18-BA1E-42C8-AF4D-B3015DFB0880}.Release|Any CPU.Build.0 = Release|Any CPU
	EndGlobalSection
	GlobalSection(SolutionProperties) = preSolution
		HideSolutionNode = FALSE
	EndGlobalSection
	GlobalSection(ExtensibilityGlobals) = postSolution
		SolutionGuid = {40ACA1DA-8968-4496-B1E9-39EE2C8E5B84}
	EndGlobalSection
EndGlobal
